// !$*UTF8*$!
{
	archiveVersion = 1;
	classes = {
	};
	objectVersion = 50;
	objects = {

/* Begin PBXBuildFile section */
		41B23FAF2251FA8500101CC0 /* AppDelegate.m in Sources */ = {isa = PBXBuildFile; fileRef = 41B23FAE2251FA8500101CC0 /* AppDelegate.m */; };
		41B23FB22251FA8500101CC0 /* ViewController.m in Sources */ = {isa = PBXBuildFile; fileRef = 41B23FB12251FA8500101CC0 /* ViewController.m */; };
		41B23FB52251FA8500101CC0 /* Main.storyboard in Resources */ = {isa = PBXBuildFile; fileRef = 41B23FB32251FA8500101CC0 /* Main.storyboard */; };
		41B23FB72251FA8600101CC0 /* Assets.xcassets in Resources */ = {isa = PBXBuildFile; fileRef = 41B23FB62251FA8600101CC0 /* Assets.xcassets */; };
		41B23FBA2251FA8600101CC0 /* LaunchScreen.storyboard in Resources */ = {isa = PBXBuildFile; fileRef = 41B23FB82251FA8600101CC0 /* LaunchScreen.storyboard */; };
		41B23FBD2251FA8600101CC0 /* main.m in Sources */ = {isa = PBXBuildFile; fileRef = 41B23FBC2251FA8600101CC0 /* main.m */; };
		41B23FC52251FB0F00101CC0 /* QLCaptureManager.m in Sources */ = {isa = PBXBuildFile; fileRef = 41B23FC42251FB0F00101CC0 /* QLCaptureManager.m */; };
		41B23FCB22520E4E00101CC0 /* QLVideoEncoder.m in Sources */ = {isa = PBXBuildFile; fileRef = 41B23FCA22520E4E00101CC0 /* QLVideoEncoder.m */; };
		41BE67102252F525006DE075 /* QLAudioEncoder.m in Sources */ = {isa = PBXBuildFile; fileRef = 41BE670F2252F525006DE075 /* QLAudioEncoder.m */; };
		41BE6713225332C7006DE075 /* QLVideoDecoder.m in Sources */ = {isa = PBXBuildFile; fileRef = 41BE6712225332C7006DE075 /* QLVideoDecoder.m */; };
		41BE6716225332D6006DE075 /* QLAudioDecoder.m in Sources */ = {isa = PBXBuildFile; fileRef = 41BE6715225332D6006DE075 /* QLAudioDecoder.m */; };
		41BE671922534017006DE075 /* QLVideoTools.m in Sources */ = {isa = PBXBuildFile; fileRef = 41BE671822534017006DE075 /* QLVideoTools.m */; };
/* End PBXBuildFile section */

/* Begin PBXFileReference section */
		41B23FAA2251FA8500101CC0 /* QLVideoAndAudioDemo.app */ = {isa = PBXFileReference; explicitFileType = wrapper.application; includeInIndex = 0; path = QLVideoAndAudioDemo.app; sourceTree = BUILT_PRODUCTS_DIR; };
		41B23FAD2251FA8500101CC0 /* AppDelegate.h */ = {isa = PBXFileReference; lastKnownFileType = sourcecode.c.h; path = AppDelegate.h; sourceTree = "<group>"; };
		41B23FAE2251FA8500101CC0 /* AppDelegate.m */ = {isa = PBXFileReference; lastKnownFileType = sourcecode.c.objc; path = AppDelegate.m; sourceTree = "<group>"; };
		41B23FB02251FA8500101CC0 /* ViewController.h */ = {isa = PBXFileReference; lastKnownFileType = sourcecode.c.h; path = ViewController.h; sourceTree = "<group>"; };
		41B23FB12251FA8500101CC0 /* ViewController.m */ = {isa = PBXFileReference; lastKnownFileType = sourcecode.c.objc; path = ViewController.m; sourceTree = "<group>"; };
		41B23FB42251FA8500101CC0 /* Base */ = {isa = PBXFileReference; lastKnownFileType = file.storyboard; name = Base; path = Base.lproj/Main.storyboard; sourceTree = "<group>"; };
		41B23FB62251FA8600101CC0 /* Assets.xcassets */ = {isa = PBXFileReference; lastKnownFileType = folder.assetcatalog; path = Assets.xcassets; sourceTree = "<group>"; };
		41B23FB92251FA8600101CC0 /* Base */ = {isa = PBXFileReference; lastKnownFileType = file.storyboard; name = Base; path = Base.lproj/LaunchScreen.storyboard; sourceTree = "<group>"; };
		41B23FBB2251FA8600101CC0 /* Info.plist */ = {isa = PBXFileReference; lastKnownFileType = text.plist.xml; path = Info.plist; sourceTree = "<group>"; };
		41B23FBC2251FA8600101CC0 /* main.m */ = {isa = PBXFileReference; lastKnownFileType = sourcecode.c.objc; path = main.m; sourceTree = "<group>"; };
		41B23FC32251FB0F00101CC0 /* QLCaptureManager.h */ = {isa = PBXFileReference; lastKnownFileType = sourcecode.c.h; path = QLCaptureManager.h; sourceTree = "<group>"; };
		41B23FC42251FB0F00101CC0 /* QLCaptureManager.m */ = {isa = PBXFileReference; lastKnownFileType = sourcecode.c.objc; path = QLCaptureManager.m; sourceTree = "<group>"; };
		41B23FC922520E4E00101CC0 /* QLVideoEncoder.h */ = {isa = PBXFileReference; lastKnownFileType = sourcecode.c.h; path = QLVideoEncoder.h; sourceTree = "<group>"; };
		41B23FCA22520E4E00101CC0 /* QLVideoEncoder.m */ = {isa = PBXFileReference; lastKnownFileType = sourcecode.c.objc; path = QLVideoEncoder.m; sourceTree = "<group>"; };
		41BE670E2252F525006DE075 /* QLAudioEncoder.h */ = {isa = PBXFileReference; lastKnownFileType = sourcecode.c.h; path = QLAudioEncoder.h; sourceTree = "<group>"; };
		41BE670F2252F525006DE075 /* QLAudioEncoder.m */ = {isa = PBXFileReference; lastKnownFileType = sourcecode.c.objc; path = QLAudioEncoder.m; sourceTree = "<group>"; };
		41BE6711225332C7006DE075 /* QLVideoDecoder.h */ = {isa = PBXFileReference; lastKnownFileType = sourcecode.c.h; path = QLVideoDecoder.h; sourceTree = "<group>"; };
		41BE6712225332C7006DE075 /* QLVideoDecoder.m */ = {isa = PBXFileReference; lastKnownFileType = sourcecode.c.objc; path = QLVideoDecoder.m; sourceTree = "<group>"; };
		41BE6714225332D6006DE075 /* QLAudioDecoder.h */ = {isa = PBXFileReference; lastKnownFileType = sourcecode.c.h; path = QLAudioDecoder.h; sourceTree = "<group>"; };
		41BE6715225332D6006DE075 /* QLAudioDecoder.m */ = {isa = PBXFileReference; lastKnownFileType = sourcecode.c.objc; path = QLAudioDecoder.m; sourceTree = "<group>"; };
		41BE671722534017006DE075 /* QLVideoTools.h */ = {isa = PBXFileReference; lastKnownFileType = sourcecode.c.h; path = QLVideoTools.h; sourceTree = "<group>"; };
		41BE671822534017006DE075 /* QLVideoTools.m */ = {isa = PBXFileReference; lastKnownFileType = sourcecode.c.objc; path = QLVideoTools.m; sourceTree = "<group>"; };
/* End PBXFileReference section */

/* Begin PBXFrameworksBuildPhase section */
		41B23FA72251FA8500101CC0 /* Frameworks */ = {
			isa = PBXFrameworksBuildPhase;
			buildActionMask = 2147483647;
			files = (
			);
			runOnlyForDeploymentPostprocessing = 0;
		};
/* End PBXFrameworksBuildPhase section */

/* Begin PBXGroup section */
		41B23FA12251FA8500101CC0 = {
			isa = PBXGroup;
			children = (
				41B23FAC2251FA8500101CC0 /* QLVideoAndAudioDemo */,
				41B23FAB2251FA8500101CC0 /* Products */,
			);
			sourceTree = "<group>";
		};
		41B23FAB2251FA8500101CC0 /* Products */ = {
			isa = PBXGroup;
			children = (
				41B23FAA2251FA8500101CC0 /* QLVideoAndAudioDemo.app */,
			);
			name = Products;
			sourceTree = "<group>";
		};
		41B23FAC2251FA8500101CC0 /* QLVideoAndAudioDemo */ = {
			isa = PBXGroup;
			children = (
				41B23FAD2251FA8500101CC0 /* AppDelegate.h */,
				41B23FAE2251FA8500101CC0 /* AppDelegate.m */,
				41B23FB02251FA8500101CC0 /* ViewController.h */,
				41B23FB12251FA8500101CC0 /* ViewController.m */,
				41B23FC32251FB0F00101CC0 /* QLCaptureManager.h */,
				41B23FC42251FB0F00101CC0 /* QLCaptureManager.m */,
				41BE671722534017006DE075 /* QLVideoTools.h */,
				41BE671822534017006DE075 /* QLVideoTools.m */,
				41B23FC922520E4E00101CC0 /* QLVideoEncoder.h */,
				41B23FCA22520E4E00101CC0 /* QLVideoEncoder.m */,
				41BE6711225332C7006DE075 /* QLVideoDecoder.h */,
				41BE6712225332C7006DE075 /* QLVideoDecoder.m */,
				41BE670E2252F525006DE075 /* QLAudioEncoder.h */,
				41BE670F2252F525006DE075 /* QLAudioEncoder.m */,
				41BE6714225332D6006DE075 /* QLAudioDecoder.h */,
				41BE6715225332D6006DE075 /* QLAudioDecoder.m */,
				41B23FB32251FA8500101CC0 /* Main.storyboard */,
				41B23FB62251FA8600101CC0 /* Assets.xcassets */,
				41B23FB82251FA8600101CC0 /* LaunchScreen.storyboard */,
				41B23FBB2251FA8600101CC0 /* Info.plist */,
				41B23FBC2251FA8600101CC0 /* main.m */,
			);
			path = QLVideoAndAudioDemo;
			sourceTree = "<group>";
		};
/* End PBXGroup section */

/* Begin PBXNativeTarget section */
		41B23FA92251FA8500101CC0 /* QLVideoAndAudioDemo */ = {
			isa = PBXNativeTarget;
			buildConfigurationList = 41B23FC02251FA8600101CC0 /* Build configuration list for PBXNativeTarget "QLVideoAndAudioDemo" */;
			buildPhases = (
				41B23FA62251FA8500101CC0 /* Sources */,
				41B23FA72251FA8500101CC0 /* Frameworks */,
				41B23FA82251FA8500101CC0 /* Resources */,
			);
			buildRules = (
			);
			dependencies = (
			);
			name = QLVideoAndAudioDemo;
			productName = QLVideoAndAudioDemo;
			productReference = 41B23FAA2251FA8500101CC0 /* QLVideoAndAudioDemo.app */;
			productType = "com.apple.product-type.application";
		};
/* End PBXNativeTarget section */

/* Begin PBXProject section */
		41B23FA22251FA8500101CC0 /* Project object */ = {
			isa = PBXProject;
			attributes = {
				LastUpgradeCheck = 1010;
				ORGANIZATIONNAME = qiu;
				TargetAttributes = {
					41B23FA92251FA8500101CC0 = {
						CreatedOnToolsVersion = 10.1;
					};
				};
			};
			buildConfigurationList = 41B23FA52251FA8500101CC0 /* Build configuration list for PBXProject "QLVideoAndAudioDemo" */;
			compatibilityVersion = "Xcode 9.3";
			developmentRegion = en;
			hasScannedForEncodings = 0;
			knownRegions = (
				en,
				Base,
			);
			mainGroup = 41B23FA12251FA8500101CC0;
			productRefGroup = 41B23FAB2251FA8500101CC0 /* Products */;
			projectDirPath = "";
			projectRoot = "";
			targets = (
				41B23FA92251FA8500101CC0 /* QLVideoAndAudioDemo */,
			);
		};
/* End PBXProject section */

/* Begin PBXResourcesBuildPhase section */
		41B23FA82251FA8500101CC0 /* Resources */ = {
			isa = PBXResourcesBuildPhase;
			buildActionMask = 2147483647;
			files = (
				41B23FBA2251FA8600101CC0 /* LaunchScreen.storyboard in Resources */,
				41B23FB72251FA8600101CC0 /* Assets.xcassets in Resources */,
				41B23FB52251FA8500101CC0 /* Main.storyboard in Resources */,
			);
			runOnlyForDeploymentPostprocessing = 0;
		};
/* End PBXResourcesBuildPhase section */

/* Begin PBXSourcesBuildPhase section */
		41B23FA62251FA8500101CC0 /* Sources */ = {
			isa = PBXSourcesBuildPhase;
			buildActionMask = 2147483647;
			files = (
				41BE6716225332D6006DE075 /* QLAudioDecoder.m in Sources */,
				41BE67102252F525006DE075 /* QLAudioEncoder.m in Sources */,
				41B23FB22251FA8500101CC0 /* ViewController.m in Sources */,
				41B23FCB22520E4E00101CC0 /* QLVideoEncoder.m in Sources */,
				41BE6713225332C7006DE075 /* QLVideoDecoder.m in Sources */,
				41B23FC52251FB0F00101CC0 /* QLCaptureManager.m in Sources */,
				41B23FBD2251FA8600101CC0 /* main.m in Sources */,
				41BE671922534017006DE075 /* QLVideoTools.m in Sources */,
				41B23FAF2251FA8500101CC0 /* AppDelegate.m in Sources */,
			);
			runOnlyForDeploymentPostprocessing = 0;
		};
/* End PBXSourcesBuildPhase section */

/* Begin PBXVariantGroup section */
		41B23FB32251FA8500101CC0 /* Main.storyboard */ = {
			isa = PBXVariantGroup;
			children = (
				41B23FB42251FA8500101CC0 /* Base */,
			);
			name = Main.storyboard;
			sourceTree = "<group>";
		};
		41B23FB82251FA8600101CC0 /* LaunchScreen.storyboard */ = {
			isa = PBXVariantGroup;
			children = (
				41B23FB92251FA8600101CC0 /* Base */,
			);
			name = LaunchScreen.storyboard;
			sourceTree = "<group>";
		};
/* End PBXVariantGroup section */

/* Begin XCBuildConfiguration section */
		41B23FBE2251FA8600101CC0 /* Debug */ = {
			isa = XCBuildConfiguration;
			buildSettings = {
				ALWAYS_SEARCH_USER_PATHS = NO;
				CLANG_ANALYZER_NONNULL = YES;
				CLANG_ANALYZER_NUMBER_OBJECT_CONVERSION = YES_AGGRESSIVE;
				CLANG_CXX_LANGUAGE_STANDARD = "gnu++14";
				CLANG_CXX_LIBRARY = "libc++";
				CLANG_ENABLE_MODULES = YES;
				CLANG_ENABLE_OBJC_ARC = YES;
				CLANG_ENABLE_OBJC_WEAK = YES;
				CLANG_WARN_BLOCK_CAPTURE_AUTORELEASING = YES;
				CLANG_WARN_BOOL_CONVERSION = YES;
				CLANG_WARN_COMMA = YES;
				CLANG_WARN_CONSTANT_CONVERSION = YES;
				CLANG_WARN_DEPRECATED_OBJC_IMPLEMENTATIONS = YES;
				CLANG_WARN_DIRECT_OBJC_ISA_USAGE = YES_ERROR;
				CLANG_WARN_DOCUMENTATION_COMMENTS = YES;
				CLANG_WARN_EMPTY_BODY = YES;
				CLANG_WARN_ENUM_CONVERSION = YES;
				CLANG_WARN_INFINITE_RECURSION = YES;
				CLANG_WARN_INT_CONVERSION = YES;
				CLANG_WARN_NON_LITERAL_NULL_CONVERSION = YES;
				CLANG_WARN_OBJC_IMPLICIT_RETAIN_SELF = YES;
				CLANG_WARN_OBJC_LITERAL_CONVERSION = YES;
				CLANG_WARN_OBJC_ROOT_CLASS = YES_ERROR;
				CLANG_WARN_RANGE_LOOP_ANALYSIS = YES;
				CLANG_WARN_STRICT_PROTOTYPES = YES;
				CLANG_WARN_SUSPICIOUS_MOVE = YES;
				CLANG_WARN_UNGUARDED_AVAILABILITY = YES_AGGRESSIVE;
				CLANG_WARN_UNREACHABLE_CODE = YES;
				CLANG_WARN__DUPLICATE_METHOD_MATCH = YES;
				CODE_SIGN_IDENTITY = "iPhone Developer";
				COPY_PHASE_STRIP = NO;
				DEBUG_INFORMATION_FORMAT = dwarf;
				ENABLE_STRICT_OBJC_MSGSEND = YES;
				ENABLE_TESTABILITY = YES;
				GCC_C_LANGUAGE_STANDARD = gnu11;
				GCC_DYNAMIC_NO_PIC = NO;
				GCC_NO_COMMON_BLOCKS = YES;
				GCC_OPTIMIZATION_LEVEL = 0;
				GCC_PREPROCESSOR_DEFINITIONS = (
					"DEBUG=1",
					"$(inherited)",
				);
				GCC_WARN_64_TO_32_BIT_CONVERSION = YES;
				GCC_WARN_ABOUT_RETURN_TYPE = YES_ERROR;
				GCC_WARN_UNDECLARED_SELECTOR = YES;
				GCC_WARN_UNINITIALIZED_AUTOS = YES_AGGRESSIVE;
				GCC_WARN_UNUSED_FUNCTION = YES;
				GCC_WARN_UNUSED_VARIABLE = YES;
				IPHONEOS_DEPLOYMENT_TARGET = 12.1;
				MTL_ENABLE_DEBUG_INFO = INCLUDE_SOURCE;
				MTL_FAST_MATH = YES;
				ONLY_ACTIVE_ARCH = YES;
				SDKROOT = iphoneos;
			};
			name = Debug;
		};
		41B23FBF2251FA8600101CC0 /* Release */ = {
			isa = XCBuildConfiguration;
			buildSettings = {
				ALWAYS_SEARCH_USER_PATHS = NO;
				CLANG_ANALYZER_NONNULL = YES;
				CLANG_ANALYZER_NUMBER_OBJECT_CONVERSION = YES_AGGRESSIVE;
				CLANG_CXX_LANGUAGE_STANDARD = "gnu++14";
				CLANG_CXX_LIBRARY = "libc++";
				CLANG_ENABLE_MODULES = YES;
				CLANG_ENABLE_OBJC_ARC = YES;
				CLANG_ENABLE_OBJC_WEAK = YES;
				CLANG_WARN_BLOCK_CAPTURE_AUTORELEASING = YES;
				CLANG_WARN_BOOL_CONVERSION = YES;
				CLANG_WARN_COMMA = YES;
				CLANG_WARN_CONSTANT_CONVERSION = YES;
				CLANG_WARN_DEPRECATED_OBJC_IMPLEMENTATIONS = YES;
				CLANG_WARN_DIRECT_OBJC_ISA_USAGE = YES_ERROR;
				CLANG_WARN_DOCUMENTATION_COMMENTS = YES;
				CLANG_WARN_EMPTY_BODY = YES;
				CLANG_WARN_ENUM_CONVERSION = YES;
				CLANG_WARN_INFINITE_RECURSION = YES;
				CLANG_WARN_INT_CONVERSION = YES;
				CLANG_WARN_NON_LITERAL_NULL_CONVERSION = YES;
				CLANG_WARN_OBJC_IMPLICIT_RETAIN_SELF = YES;
				CLANG_WARN_OBJC_LITERAL_CONVERSION = YES;
				CLANG_WARN_OBJC_ROOT_CLASS = YES_ERROR;
				CLANG_WARN_RANGE_LOOP_ANALYSIS = YES;
				CLANG_WARN_STRICT_PROTOTYPES = YES;
				CLANG_WARN_SUSPICIOUS_MOVE = YES;
				CLANG_WARN_UNGUARDED_AVAILABILITY = YES_AGGRESSIVE;
				CLANG_WARN_UNREACHABLE_CODE = YES;
				CLANG_WARN__DUPLICATE_METHOD_MATCH = YES;
				CODE_SIGN_IDENTITY = "iPhone Developer";
				COPY_PHASE_STRIP = NO;
				DEBUG_INFORMATION_FORMAT = "dwarf-with-dsym";
				ENABLE_NS_ASSERTIONS = NO;
				ENABLE_STRICT_OBJC_MSGSEND = YES;
				GCC_C_LANGUAGE_STANDARD = gnu11;
				GCC_NO_COMMON_BLOCKS = YES;
				GCC_WARN_64_TO_32_BIT_CONVERSION = YES;
				GCC_WARN_ABOUT_RETURN_TYPE = YES_ERROR;
				GCC_WARN_UNDECLARED_SELECTOR = YES;
				GCC_WARN_UNINITIALIZED_AUTOS = YES_AGGRESSIVE;
				GCC_WARN_UNUSED_FUNCTION = YES;
				GCC_WARN_UNUSED_VARIABLE = YES;
				IPHONEOS_DEPLOYMENT_TARGET = 12.1;
				MTL_ENABLE_DEBUG_INFO = NO;
				MTL_FAST_MATH = YES;
				SDKROOT = iphoneos;
				VALIDATE_PRODUCT = YES;
			};
			name = Release;
		};
		41B23FC12251FA8600101CC0 /* Debug */ = {
			isa = XCBuildConfiguration;
			buildSettings = {
				ASSETCATALOG_COMPILER_APPICON_NAME = AppIcon;
				CODE_SIGN_STYLE = Automatic;
				DEVELOPMENT_TEAM = SAUWALLH4J;
				INFOPLIST_FILE = QLVideoAndAudioDemo/Info.plist;
				IPHONEOS_DEPLOYMENT_TARGET = 9.0;
				LD_RUNPATH_SEARCH_PATHS = (
					"$(inherited)",
					"@executable_path/Frameworks",
				);
				PRODUCT_BUNDLE_IDENTIFIER = com.qiu.love;
				PRODUCT_NAME = "$(TARGET_NAME)";
				TARGETED_DEVICE_FAMILY = "1,2";
			};
			name = Debug;
		};
		41B23FC22251FA8600101CC0 /* Release */ = {
			isa = XCBuildConfiguration;
			buildSettings = {
				ASSETCATALOG_COMPILER_APPICON_NAME = AppIcon;
				CODE_SIGN_STYLE = Automatic;
				DEVELOPMENT_TEAM = SAUWALLH4J;
				INFOPLIST_FILE = QLVideoAndAudioDemo/Info.plist;
				IPHONEOS_DEPLOYMENT_TARGET = 9.0;
				LD_RUNPATH_SEARCH_PATHS = (
					"$(inherited)",
					"@executable_path/Frameworks",
				);
				PRODUCT_BUNDLE_IDENTIFIER = com.qiu.love;
				PRODUCT_NAME = "$(TARGET_NAME)";
				TARGETED_DEVICE_FAMILY = "1,2";
			};
			name = Release;
		};
/* End XCBuildConfiguration section */

/* Begin XCConfigurationList section */
		41B23FA52251FA8500101CC0 /* Build configuration list for PBXProject "QLVideoAndAudioDemo" */ = {
			isa = XCConfigurationList;
			buildConfigurations = (
				41B23FBE2251FA8600101CC0 /* Debug */,
				41B23FBF2251FA8600101CC0 /* Release */,
			);
			defaultConfigurationIsVisible = 0;
			defaultConfigurationName = Release;
		};
		41B23FC02251FA8600101CC0 /* Build configuration list for PBXNativeTarget "QLVideoAndAudioDemo" */ = {
			isa = XCConfigurationList;
			buildConfigurations = (
				41B23FC12251FA8600101CC0 /* Debug */,
				41B23FC22251FA8600101CC0 /* Release */,
			);
			defaultConfigurationIsVisible = 0;
			defaultConfigurationName = Release;
		};
/* End XCConfigurationList section */
	};
	rootObject = 41B23FA22251FA8500101CC0 /* Project object */;
}
